
Microsoft Visual Studio Solution File, Format Version 12.00
# Visual Studio Version 16
VisualStudioVersion = 16.0.31624.102
MinimumVisualStudioVersion = 10.0.40219.1
Project("{FAE04EC0-301F-11D3-BF4B-00C04F79EFBC}") = "Aula01", "Aula01\Aula01.csproj", "{B547E0F5-47E4-4591-8942-3EF64CD9ED4A}"
EndProject
Project("{FAE04EC0-301F-11D3-BF4B-00C04F79EFBC}") = "ExerciciosLP_01", "ExerciciosLP_01\ExerciciosLP_01.csproj", "{A894CE8F-90D6-49FC-A5FF-F3305BC8A3B4}"
EndProject
Global
	GlobalSection(SolutionConfigurationPlatforms) = preSolution
		Debug|Any CPU = Debug|Any CPU
		Release|Any CPU = Release|Any CPU
	EndGlobalSection
	GlobalSection(ProjectConfigurationPlatforms) = postSolution
		{B547E0F5-47E4-4591-8942-3EF64CD9ED4A}.Debug|Any CPU.ActiveCfg = Debug|Any CPU
		{B547E0F5-47E4-4591-8942-3EF64CD9ED4A}.Debug|Any CPU.Build.0 = Debug|Any CPU
		{B547E0F5-47E4-4591-8942-3EF64CD9ED4A}.Release|Any CPU.ActiveCfg = Release|Any CPU
		{B547E0F5-47E4-4591-8942-3EF64CD9ED4A}.Release|Any CPU.Build.0 = Release|Any CPU
		{A894CE8F-90D6-49FC-A5FF-F3305BC8A3B4}.Debug|Any CPU.ActiveCfg = Debug|Any CPU
		{A894CE8F-90D6-49FC-A5FF-F3305BC8A3B4}.Debug|Any CPU.Build.0 = Debug|Any CPU
		{A894CE8F-90D6-49FC-A5FF-F3305BC8A3B4}.Release|Any CPU.ActiveCfg = Release|Any CPU
		{A894CE8F-90D6-49FC-A5FF-F3305BC8A3B4}.Release|Any CPU.Build.0 = Release|Any CPU
	EndGlobalSection
	GlobalSection(SolutionProperties) = preSolution
		HideSolutionNode = FALSE
	EndGlobalSection
	GlobalSection(ExtensibilityGlobals) = postSolution
		SolutionGuid = {AE7CD019-2ADA-456B-9F85-B56E6F0F84D4}
	EndGlobalSection
EndGlobal
